DEPENDENCIES
  nodejs
    path: .
    metadata: true

GRAPH
  ark (5.0.0)
    seven_zip (>= 0.0.0)
  build-essential (8.2.1)
    mingw (>= 1.1)
    seven_zip (>= 0.0.0)
  mingw (2.1.0)
    seven_zip (>= 0.0.0)
  nodejs (6.0.0)
    ark (>= 2.0.2)
    build-essential (>= 5.0)
  seven_zip (3.1.2)
    windows (>= 0.0.0)
  windows (6.0.1)
